<Solution>
  <Folder Name="/src/">
    <Project Path="src/WeaponsOfOrder.Api/WeaponsOfOrder.Api.csproj" />
    <Project Path="src/WeaponsOfOrder.Combat/WeaponsOfOrder.Combat.csproj" />
    <Project Path="src/WeaponsOfOrder.Infrastructure/WeaponsOfOrder.Infrastructure.csproj" />
  </Folder>
  <Folder Name="/tests/">
    <Project Path="tests/WeaponsOfOrder.Api.Tests/WeaponsOfOrder.Api.Tests.csproj" />
    <Project Path="tests/WeaponsOfOrder.Combat.Tests/WeaponsOfOrder.Combat.Tests.csproj" />
  </Folder>
</Solution>
